
Microsoft Visual Studio Solution File, Format Version 12.00
# Visual Studio Version 17
VisualStudioVersion = 17.3.32901.215
MinimumVisualStudioVersion = 10.0.40219.1
Project("{8BC9CEB8-8B4A-11D0-8D11-00A0C91BC942}") = "CLIApp", "CLIApp\CLIApp.vcxproj", "{FC73E586-85D6-4049-A117-ABAF12E40DEC}"
EndProject
Project("{8BC9CEB8-8B4A-11D0-8D11-00A0C91BC942}") = "GUIApp", "GUIApp\GUIApp.vcxproj", "{308B4083-C27C-4C8E-AA52-D2679061CF9C}"
EndProject
Global
	GlobalSection(SolutionConfigurationPlatforms) = preSolution
		Debug|x64 = Debug|x64
		Debug|x86 = Debug|x86
		Release|x64 = Release|x64
		Release|x86 = Release|x86
	EndGlobalSection
	GlobalSection(ProjectConfigurationPlatforms) = postSolution
		{FC73E586-85D6-4049-A117-ABAF12E40DEC}.Debug|x64.ActiveCfg = Debug|x64
		{FC73E586-85D6-4049-A117-ABAF12E40DEC}.Debug|x64.Build.0 = Debug|x64
		{FC73E586-85D6-4049-A117-ABAF12E40DEC}.Debug|x86.ActiveCfg = Debug|Win32
		{FC73E586-85D6-4049-A117-ABAF12E40DEC}.Debug|x86.Build.0 = Debug|Win32
		{FC73E586-85D6-4049-A117-ABAF12E40DEC}.Release|x64.ActiveCfg = Release|x64
		{FC73E586-85D6-4049-A117-ABAF12E40DEC}.Release|x64.Build.0 = Release|x64
		{FC73E586-85D6-4049-A117-ABAF12E40DEC}.Release|x86.ActiveCfg = Release|Win32
		{FC73E586-85D6-4049-A117-ABAF12E40DEC}.Release|x86.Build.0 = Release|Win32
		{308B4083-C27C-4C8E-AA52-D2679061CF9C}.Debug|x64.ActiveCfg = Debug|x64
		{308B4083-C27C-4C8E-AA52-D2679061CF9C}.Debug|x64.Build.0 = Debug|x64
		{308B4083-C27C-4C8E-AA52-D2679061CF9C}.Debug|x86.ActiveCfg = Debug|Win32
		{308B4083-C27C-4C8E-AA52-D2679061CF9C}.Debug|x86.Build.0 = Debug|Win32
		{308B4083-C27C-4C8E-AA52-D2679061CF9C}.Release|x64.ActiveCfg = Release|x64
		{308B4083-C27C-4C8E-AA52-D2679061CF9C}.Release|x64.Build.0 = Release|x64
		{308B4083-C27C-4C8E-AA52-D2679061CF9C}.Release|x86.ActiveCfg = Release|Win32
		{308B4083-C27C-4C8E-AA52-D2679061CF9C}.Release|x86.Build.0 = Release|Win32
	EndGlobalSection
	GlobalSection(SolutionProperties) = preSolution
		HideSolutionNode = FALSE
	EndGlobalSection
	GlobalSection(ExtensibilityGlobals) = postSolution
		SolutionGuid = {A27C6745-8335-4FA4-8351-FBA515E50D60}
	EndGlobalSection
EndGlobal
